
Microsoft Visual Studio Solution File, Format Version 12.00
# Visual Studio 15
VisualStudioVersion = 15.0.28307.168
MinimumVisualStudioVersion = 10.0.40219.1
Project("{8BC9CEB8-8B4A-11D0-8D11-00A0C91BC942}") = "EulerWay", "EulerWay\EulerWay.vcxproj", "{81D1482A-04C5-42F0-871B-317E9212B632}"
EndProject
Global
	GlobalSection(SolutionConfigurationPlatforms) = preSolution
		Debug|x64 = Debug|x64
		Debug|x86 = Debug|x86
		Release|x64 = Release|x64
		Release|x86 = Release|x86
	EndGlobalSection
	GlobalSection(ProjectConfigurationPlatforms) = postSolution
		{81D1482A-04C5-42F0-871B-317E9212B632}.Debug|x64.ActiveCfg = Debug|x64
		{81D1482A-04C5-42F0-871B-317E9212B632}.Debug|x64.Build.0 = Debug|x64
		{81D1482A-04C5-42F0-871B-317E9212B632}.Debug|x86.ActiveCfg = Debug|Win32
		{81D1482A-04C5-42F0-871B-317E9212B632}.Debug|x86.Build.0 = Debug|Win32
		{81D1482A-04C5-42F0-871B-317E9212B632}.Release|x64.ActiveCfg = Release|x64
		{81D1482A-04C5-42F0-871B-317E9212B632}.Release|x64.Build.0 = Release|x64
		{81D1482A-04C5-42F0-871B-317E9212B632}.Release|x86.ActiveCfg = Release|Win32
		{81D1482A-04C5-42F0-871B-317E9212B632}.Release|x86.Build.0 = Release|Win32
	EndGlobalSection
	GlobalSection(SolutionProperties) = preSolution
		HideSolutionNode = FALSE
	EndGlobalSection
	GlobalSection(ExtensibilityGlobals) = postSolution
		SolutionGuid = {BEB38CB7-95B5-450D-AB7F-C2FC0AB80AB5}
	EndGlobalSection
EndGlobal
